// !$*UTF8*$!
{
	archiveVersion = 1;
	classes = {
	};
	objectVersion = 51;
	objects = {

/* Begin PBXBuildFile section */
		0B5C3BB77393D451649520CA /* LaunchingApplicationService.swift in Sources */ = {isa = PBXBuildFile; fileRef = ED689977A67998A72D971719 /* LaunchingApplicationService.swift */; };
		0C12897FE5E42992E754660C /* LaunchingApplicationService.swift in Sources */ = {isa = PBXBuildFile; fileRef = ED689977A67998A72D971719 /* LaunchingApplicationService.swift */; };
		0F6D58A221C591351E5E72B4 /* MainRouter.swift in Sources */ = {isa = PBXBuildFile; fileRef = 8630C14BBE81E93251669D95 /* MainRouter.swift */; };
		1BE044AAAAFEE0FF122B99E7 /* Presentable.swift in Sources */ = {isa = PBXBuildFile; fileRef = 08AC14F65E62F9E938AECB1F /* Presentable.swift */; };
		21799E85C22A85F87E535627 /* XCTestCase.swift in Sources */ = {isa = PBXBuildFile; fileRef = 7BB3C0C077CDAF3F8E901E20 /* XCTestCase.swift */; };
		21D3DA2DFCD6F318369EBB51 /* BaseCoordinator.swift in Sources */ = {isa = PBXBuildFile; fileRef = D9AAA3866D72958EE82A3B90 /* BaseCoordinator.swift */; };
		24B496C3FA224D0C17267C49 /* UIApplication.swift in Sources */ = {isa = PBXBuildFile; fileRef = 8074B58F0706C137F7D4504E /* UIApplication.swift */; };
		251C17DF5F43D68BB71490C5 /* Fonts.swift in Sources */ = {isa = PBXBuildFile; fileRef = 135252D538BF5A2C92C26F32 /* Fonts.swift */; };
		2D140E7605F2C62FB1964DE5 /* Localizable.strings in Resources */ = {isa = PBXBuildFile; fileRef = C70416B8399F5B55C3C718B0 /* Localizable.strings */; };
		332F8843DBFB9B4DB819EF04 /* Colors.swift in Sources */ = {isa = PBXBuildFile; fileRef = CE5930A5D50F01EDCE048D7A /* Colors.swift */; };
		33363E1AD846AF700EC50F43 /* Router.swift in Sources */ = {isa = PBXBuildFile; fileRef = C720BA025ABEA7505B2EC3D8 /* Router.swift */; };
		3C7890F5E8316147629283E8 /* Coordinator.swift in Sources */ = {isa = PBXBuildFile; fileRef = A404478B7E915DE9DB0FB672 /* Coordinator.swift */; };
		4A5620BA9AB968604A29AE4D /* UIApplication.swift in Sources */ = {isa = PBXBuildFile; fileRef = 8074B58F0706C137F7D4504E /* UIApplication.swift */; };
		61EB4D469E66C0A487085E2A /* BaseCoordinator.swift in Sources */ = {isa = PBXBuildFile; fileRef = D9AAA3866D72958EE82A3B90 /* BaseCoordinator.swift */; };
		6F5BC8C5BF21374B7D435708 /* Pods_WeatherRelease.framework in Frameworks */ = {isa = PBXBuildFile; fileRef = 33F1C55E1280CC6581D52BAB /* Pods_WeatherRelease.framework */; };
		7261A6464B63FE23F97213F6 /* Assets.xcassets in Resources */ = {isa = PBXBuildFile; fileRef = 17C433073FDEDD2CB4897F41 /* Assets.xcassets */; };
		729B4BF7766835B401FB53A6 /* LaunchScreen.xib in Resources */ = {isa = PBXBuildFile; fileRef = 77D8507571194CF99AC92E5F /* LaunchScreen.xib */; };
		7C34D85BD820DED42B6C85FB /* Assets.swift in Sources */ = {isa = PBXBuildFile; fileRef = 7B9697BC528F42114F061FCC /* Assets.swift */; };
		7F41A7503BCE32D2389CB2C6 /* LaunchScreen.xib in Resources */ = {isa = PBXBuildFile; fileRef = 77D8507571194CF99AC92E5F /* LaunchScreen.xib */; };
		84230AFA2609A936A8DD859B /* Strings.swift in Sources */ = {isa = PBXBuildFile; fileRef = 40BCD5A6B3EAF1855AD37AAA /* Strings.swift */; };
		852BB7DF24F58D539EC0F3ED /* Localizable.strings in Resources */ = {isa = PBXBuildFile; fileRef = C70416B8399F5B55C3C718B0 /* Localizable.strings */; };
		8E588C09152D75C85E5476E4 /* Router.swift in Sources */ = {isa = PBXBuildFile; fileRef = C720BA025ABEA7505B2EC3D8 /* Router.swift */; };
		9E16F8CB25385E5D00E0CC4B /* CitySnowEntity.swift in Sources */ = {isa = PBXBuildFile; fileRef = 9E16F8CA25385E5D00E0CC4B /* CitySnowEntity.swift */; };
		9E16F8D125385EDD00E0CC4B /* Date+Init.swift in Sources */ = {isa = PBXBuildFile; fileRef = 9E16F8D025385EDD00E0CC4B /* Date+Init.swift */; };
		9E16F8D625385FF900E0CC4B /* CityRainEntity.swift in Sources */ = {isa = PBXBuildFile; fileRef = 9E16F8D525385FF900E0CC4B /* CityRainEntity.swift */; };
		9E16F8DB2538606400E0CC4B /* CityCloundEntity.swift in Sources */ = {isa = PBXBuildFile; fileRef = 9E16F8DA2538606400E0CC4B /* CityCloundEntity.swift */; };
		9E16F8E0253860C900E0CC4B /* CityWindEntity.swift in Sources */ = {isa = PBXBuildFile; fileRef = 9E16F8DF253860C900E0CC4B /* CityWindEntity.swift */; };
		9E16F8E52538616300E0CC4B /* WindDirection.swift in Sources */ = {isa = PBXBuildFile; fileRef = 9E16F8E42538616300E0CC4B /* WindDirection.swift */; };
		9E16F8EA253867CA00E0CC4B /* CityMainWeatherInfoEntity.swift in Sources */ = {isa = PBXBuildFile; fileRef = 9E16F8E9253867C900E0CC4B /* CityMainWeatherInfoEntity.swift */; };
		9E16F8EF253869B200E0CC4B /* CityWeatherConditionsEntity.swift in Sources */ = {isa = PBXBuildFile; fileRef = 9E16F8EE253869B200E0CC4B /* CityWeatherConditionsEntity.swift */; };
		9E16F8F425386A1300E0CC4B /* WeatherType.swift in Sources */ = {isa = PBXBuildFile; fileRef = 9E16F8F325386A1300E0CC4B /* WeatherType.swift */; };
		9E16F8F925386FAF00E0CC4B /* CityDetailedWeatherEntity.swift in Sources */ = {isa = PBXBuildFile; fileRef = 9E16F8F825386FAF00E0CC4B /* CityDetailedWeatherEntity.swift */; };
		9E54CD0925385D1D0069DF38 /* CoordsEntity.swift in Sources */ = {isa = PBXBuildFile; fileRef = 9E54CD0425385D180069DF38 /* CoordsEntity.swift */; };
		9E54CD1925385DB50069DF38 /* CitySystemInfoEntity.swift in Sources */ = {isa = PBXBuildFile; fileRef = 9E54CD1125385DA40069DF38 /* CitySystemInfoEntity.swift */; };
		9EF120732538561C004ED9A8 /* CityDetailedWeatherEntry.swift in Sources */ = {isa = PBXBuildFile; fileRef = 9EF1206725385613004ED9A8 /* CityDetailedWeatherEntry.swift */; };
		9EF1207C25385661004ED9A8 /* CoordEntry.swift in Sources */ = {isa = PBXBuildFile; fileRef = 9EF120772538565F004ED9A8 /* CoordEntry.swift */; };
		9EF12088253856D1004ED9A8 /* CityMainWeatherInfoEntry.swift in Sources */ = {isa = PBXBuildFile; fileRef = 9EF12083253856CE004ED9A8 /* CityMainWeatherInfoEntry.swift */; };
		9EF120A525385919004ED9A8 /* CityCloundEntry.swift in Sources */ = {isa = PBXBuildFile; fileRef = 9EF120A0253858FA004ED9A8 /* CityCloundEntry.swift */; };
		9EF120AC2538591C004ED9A8 /* CityWindEntry.swift in Sources */ = {isa = PBXBuildFile; fileRef = 9EF1209B253858B6004ED9A8 /* CityWindEntry.swift */; };
		9EF120B325385920004ED9A8 /* CityWeatherConditionsEntry.swift in Sources */ = {isa = PBXBuildFile; fileRef = 9EF1208C253857F7004ED9A8 /* CityWeatherConditionsEntry.swift */; };
		9EF120BE2538597F004ED9A8 /* CityRainEntry.swift in Sources */ = {isa = PBXBuildFile; fileRef = 9EF120BD2538597F004ED9A8 /* CityRainEntry.swift */; };
		9EF120C325385B1E004ED9A8 /* CitySnowEntry.swift in Sources */ = {isa = PBXBuildFile; fileRef = 9EF120C225385B1E004ED9A8 /* CitySnowEntry.swift */; };
		9EF120C825385B60004ED9A8 /* CitySystemInfoEntry.swift in Sources */ = {isa = PBXBuildFile; fileRef = 9EF120C725385B60004ED9A8 /* CitySystemInfoEntry.swift */; };
		A287B0FCC812BBEB10B84530 /* Strings.swift in Sources */ = {isa = PBXBuildFile; fileRef = 40BCD5A6B3EAF1855AD37AAA /* Strings.swift */; };
		A7BEB4601E8268E4A8560548 /* DeepLinkOption.swift in Sources */ = {isa = PBXBuildFile; fileRef = 49533B48CF5E607E56829097 /* DeepLinkOption.swift */; };
		A86CA75FFB78A75A38236997 /* UnitTests.swift in Sources */ = {isa = PBXBuildFile; fileRef = 3F3EA9DDBC58F629768937C6 /* UnitTests.swift */; };
		AD3A6E8C296E42B884F56A40 /* Assets.swift in Sources */ = {isa = PBXBuildFile; fileRef = 7B9697BC528F42114F061FCC /* Assets.swift */; };
		CB26B35289E0760D4B7394E9 /* DeepLinkOption.swift in Sources */ = {isa = PBXBuildFile; fileRef = 49533B48CF5E607E56829097 /* DeepLinkOption.swift */; };
		CFE2C76708EC8D1475EFAD0B /* Colors.swift in Sources */ = {isa = PBXBuildFile; fileRef = CE5930A5D50F01EDCE048D7A /* Colors.swift */; };
		D0A5BC27EE343953B083D2A9 /* Fonts.swift in Sources */ = {isa = PBXBuildFile; fileRef = 135252D538BF5A2C92C26F32 /* Fonts.swift */; };
		D7AA1EB825C953D1773E2F35 /* Presentable.swift in Sources */ = {isa = PBXBuildFile; fileRef = 08AC14F65E62F9E938AECB1F /* Presentable.swift */; };
		DB2E94096ECEE7A4CFF5E40D /* Assets.xcassets in Resources */ = {isa = PBXBuildFile; fileRef = 17C433073FDEDD2CB4897F41 /* Assets.xcassets */; };
		DC7A4D33DC2BD37E66947DE4 /* Coordinator.swift in Sources */ = {isa = PBXBuildFile; fileRef = A404478B7E915DE9DB0FB672 /* Coordinator.swift */; };
		F398C58FC5EDC7A285618165 /* AppDelegate.swift in Sources */ = {isa = PBXBuildFile; fileRef = 484AC8E1B13EC7887D8D88B4 /* AppDelegate.swift */; };
		F8DE1A453E13C8CAB6C6E239 /* Pods_WeatherDebug.framework in Frameworks */ = {isa = PBXBuildFile; fileRef = DFB67CCAE414CA3E495E22EF /* Pods_WeatherDebug.framework */; };
		FAAF2098CF926FACCAAEE9C7 /* MainRouter.swift in Sources */ = {isa = PBXBuildFile; fileRef = 8630C14BBE81E93251669D95 /* MainRouter.swift */; };
		FC1BBB6818EBC9362CEE1C65 /* AppDelegate.swift in Sources */ = {isa = PBXBuildFile; fileRef = 484AC8E1B13EC7887D8D88B4 /* AppDelegate.swift */; };
/* End PBXBuildFile section */

/* Begin PBXContainerItemProxy section */
		16CEEC84DE7CCA26F52CBC32 /* PBXContainerItemProxy */ = {
			isa = PBXContainerItemProxy;
			containerPortal = 6359DD3CB564CBC7F75B5385 /* Project object */;
			proxyType = 1;
			remoteGlobalIDString = E8348744997FAC298E55EDF4;
			remoteInfo = WeatherRelease;
		};
/* End PBXContainerItemProxy section */

/* Begin PBXFileReference section */
		01A576E2B1216CECD47E66D0 /* .gitkeep */ = {isa = PBXFileReference; lastKnownFileType = text; path = .gitkeep; sourceTree = "<group>"; };
		07A20B645AB15A65A187783D /* Pods-WeatherRelease.release.xcconfig */ = {isa = PBXFileReference; includeInIndex = 1; lastKnownFileType = text.xcconfig; name = "Pods-WeatherRelease.release.xcconfig"; path = "Target Support Files/Pods-WeatherRelease/Pods-WeatherRelease.release.xcconfig"; sourceTree = "<group>"; };
		08AC14F65E62F9E938AECB1F /* Presentable.swift */ = {isa = PBXFileReference; lastKnownFileType = sourcecode.swift; path = Presentable.swift; sourceTree = "<group>"; };
		12FF88FFEDF46EE595F0AB69 /* .gitkeep */ = {isa = PBXFileReference; lastKnownFileType = text; path = .gitkeep; sourceTree = "<group>"; };
		135252D538BF5A2C92C26F32 /* Fonts.swift */ = {isa = PBXFileReference; lastKnownFileType = sourcecode.swift; path = Fonts.swift; sourceTree = "<group>"; };
		17C433073FDEDD2CB4897F41 /* Assets.xcassets */ = {isa = PBXFileReference; lastKnownFileType = folder.assetcatalog; path = Assets.xcassets; sourceTree = "<group>"; };
		33F1C55E1280CC6581D52BAB /* Pods_WeatherRelease.framework */ = {isa = PBXFileReference; explicitFileType = wrapper.framework; includeInIndex = 0; path = Pods_WeatherRelease.framework; sourceTree = BUILT_PRODUCTS_DIR; };
		3E7E3EA3586EFCCFB79FD09E /* Pods-WeatherRelease.debug.xcconfig */ = {isa = PBXFileReference; includeInIndex = 1; lastKnownFileType = text.xcconfig; name = "Pods-WeatherRelease.debug.xcconfig"; path = "Target Support Files/Pods-WeatherRelease/Pods-WeatherRelease.debug.xcconfig"; sourceTree = "<group>"; };
		3F3EA9DDBC58F629768937C6 /* UnitTests.swift */ = {isa = PBXFileReference; lastKnownFileType = sourcecode.swift; path = UnitTests.swift; sourceTree = "<group>"; };
		40BCD5A6B3EAF1855AD37AAA /* Strings.swift */ = {isa = PBXFileReference; lastKnownFileType = sourcecode.swift; path = Strings.swift; sourceTree = "<group>"; };
		484AC8E1B13EC7887D8D88B4 /* AppDelegate.swift */ = {isa = PBXFileReference; lastKnownFileType = sourcecode.swift; path = AppDelegate.swift; sourceTree = "<group>"; };
		49533B48CF5E607E56829097 /* DeepLinkOption.swift */ = {isa = PBXFileReference; lastKnownFileType = sourcecode.swift; path = DeepLinkOption.swift; sourceTree = "<group>"; };
		496DB37D8E48F9712C32517A /* .gitkeep */ = {isa = PBXFileReference; lastKnownFileType = text; path = .gitkeep; sourceTree = "<group>"; };
		49AE7851B1AFEC7B239C555F /* Info.plist */ = {isa = PBXFileReference; lastKnownFileType = text.plist; path = Info.plist; sourceTree = "<group>"; };
		4C5A8AD4A46830FF0A80CAE8 /* UnitTests.xctest */ = {isa = PBXFileReference; includeInIndex = 0; lastKnownFileType = wrapper.cfbundle; path = UnitTests.xctest; sourceTree = BUILT_PRODUCTS_DIR; };
		5710E73BA7E7895E0A06FB8E /* WeatherDebug.app */ = {isa = PBXFileReference; includeInIndex = 0; lastKnownFileType = wrapper.application; path = WeatherDebug.app; sourceTree = BUILT_PRODUCTS_DIR; };
		60102193620242458B131122 /* .gitkeep */ = {isa = PBXFileReference; lastKnownFileType = text; path = .gitkeep; sourceTree = "<group>"; };
		77D8507571194CF99AC92E5F /* LaunchScreen.xib */ = {isa = PBXFileReference; lastKnownFileType = file.xib; path = LaunchScreen.xib; sourceTree = "<group>"; };
		7870EC5C3757F4B70376478A /* .gitkeep */ = {isa = PBXFileReference; lastKnownFileType = text; path = .gitkeep; sourceTree = "<group>"; };
		7B9697BC528F42114F061FCC /* Assets.swift */ = {isa = PBXFileReference; lastKnownFileType = sourcecode.swift; path = Assets.swift; sourceTree = "<group>"; };
		7BB3C0C077CDAF3F8E901E20 /* XCTestCase.swift */ = {isa = PBXFileReference; lastKnownFileType = sourcecode.swift; path = XCTestCase.swift; sourceTree = "<group>"; };
		7CFD43810BFBC21D1FBC8A8F /* WeatherRelease.app */ = {isa = PBXFileReference; includeInIndex = 0; lastKnownFileType = wrapper.application; path = WeatherRelease.app; sourceTree = BUILT_PRODUCTS_DIR; };
		8074B58F0706C137F7D4504E /* UIApplication.swift */ = {isa = PBXFileReference; lastKnownFileType = sourcecode.swift; path = UIApplication.swift; sourceTree = "<group>"; };
		8630C14BBE81E93251669D95 /* MainRouter.swift */ = {isa = PBXFileReference; lastKnownFileType = sourcecode.swift; path = MainRouter.swift; sourceTree = "<group>"; };
		926B87A5C806BC4BD9C9E7DC /* Pods-WeatherDebug.debug.xcconfig */ = {isa = PBXFileReference; includeInIndex = 1; lastKnownFileType = text.xcconfig; name = "Pods-WeatherDebug.debug.xcconfig"; path = "Target Support Files/Pods-WeatherDebug/Pods-WeatherDebug.debug.xcconfig"; sourceTree = "<group>"; };
		9E16F8CA25385E5D00E0CC4B /* CitySnowEntity.swift */ = {isa = PBXFileReference; lastKnownFileType = sourcecode.swift; path = CitySnowEntity.swift; sourceTree = "<group>"; };
		9E16F8D025385EDD00E0CC4B /* Date+Init.swift */ = {isa = PBXFileReference; lastKnownFileType = sourcecode.swift; path = "Date+Init.swift"; sourceTree = "<group>"; };
		9E16F8D525385FF900E0CC4B /* CityRainEntity.swift */ = {isa = PBXFileReference; lastKnownFileType = sourcecode.swift; path = CityRainEntity.swift; sourceTree = "<group>"; };
		9E16F8DA2538606400E0CC4B /* CityCloundEntity.swift */ = {isa = PBXFileReference; lastKnownFileType = sourcecode.swift; path = CityCloundEntity.swift; sourceTree = "<group>"; };
		9E16F8DF253860C900E0CC4B /* CityWindEntity.swift */ = {isa = PBXFileReference; lastKnownFileType = sourcecode.swift; path = CityWindEntity.swift; sourceTree = "<group>"; };
		9E16F8E42538616300E0CC4B /* WindDirection.swift */ = {isa = PBXFileReference; lastKnownFileType = sourcecode.swift; path = WindDirection.swift; sourceTree = "<group>"; };
		9E16F8E9253867C900E0CC4B /* CityMainWeatherInfoEntity.swift */ = {isa = PBXFileReference; lastKnownFileType = sourcecode.swift; path = CityMainWeatherInfoEntity.swift; sourceTree = "<group>"; };
		9E16F8EE253869B200E0CC4B /* CityWeatherConditionsEntity.swift */ = {isa = PBXFileReference; lastKnownFileType = sourcecode.swift; path = CityWeatherConditionsEntity.swift; sourceTree = "<group>"; };
		9E16F8F325386A1300E0CC4B /* WeatherType.swift */ = {isa = PBXFileReference; lastKnownFileType = sourcecode.swift; path = WeatherType.swift; sourceTree = "<group>"; };
		9E16F8F825386FAF00E0CC4B /* CityDetailedWeatherEntity.swift */ = {isa = PBXFileReference; lastKnownFileType = sourcecode.swift; path = CityDetailedWeatherEntity.swift; sourceTree = "<group>"; };
		9E54CD0425385D180069DF38 /* CoordsEntity.swift */ = {isa = PBXFileReference; lastKnownFileType = sourcecode.swift; path = CoordsEntity.swift; sourceTree = "<group>"; };
		9E54CD1125385DA40069DF38 /* CitySystemInfoEntity.swift */ = {isa = PBXFileReference; lastKnownFileType = sourcecode.swift; path = CitySystemInfoEntity.swift; sourceTree = "<group>"; };
		9EF1206725385613004ED9A8 /* CityDetailedWeatherEntry.swift */ = {isa = PBXFileReference; lastKnownFileType = sourcecode.swift; path = CityDetailedWeatherEntry.swift; sourceTree = "<group>"; };
		9EF120772538565F004ED9A8 /* CoordEntry.swift */ = {isa = PBXFileReference; lastKnownFileType = sourcecode.swift; path = CoordEntry.swift; sourceTree = "<group>"; };
		9EF12083253856CE004ED9A8 /* CityMainWeatherInfoEntry.swift */ = {isa = PBXFileReference; lastKnownFileType = sourcecode.swift; path = CityMainWeatherInfoEntry.swift; sourceTree = "<group>"; };
		9EF1208C253857F7004ED9A8 /* CityWeatherConditionsEntry.swift */ = {isa = PBXFileReference; lastKnownFileType = sourcecode.swift; path = CityWeatherConditionsEntry.swift; sourceTree = "<group>"; };
		9EF1209B253858B6004ED9A8 /* CityWindEntry.swift */ = {isa = PBXFileReference; lastKnownFileType = sourcecode.swift; path = CityWindEntry.swift; sourceTree = "<group>"; };
		9EF120A0253858FA004ED9A8 /* CityCloundEntry.swift */ = {isa = PBXFileReference; lastKnownFileType = sourcecode.swift; path = CityCloundEntry.swift; sourceTree = "<group>"; };
		9EF120BD2538597F004ED9A8 /* CityRainEntry.swift */ = {isa = PBXFileReference; lastKnownFileType = sourcecode.swift; path = CityRainEntry.swift; sourceTree = "<group>"; };
		9EF120C225385B1E004ED9A8 /* CitySnowEntry.swift */ = {isa = PBXFileReference; lastKnownFileType = sourcecode.swift; path = CitySnowEntry.swift; sourceTree = "<group>"; };
		9EF120C725385B60004ED9A8 /* CitySystemInfoEntry.swift */ = {isa = PBXFileReference; lastKnownFileType = sourcecode.swift; path = CitySystemInfoEntry.swift; sourceTree = "<group>"; };
		A404478B7E915DE9DB0FB672 /* Coordinator.swift */ = {isa = PBXFileReference; lastKnownFileType = sourcecode.swift; path = Coordinator.swift; sourceTree = "<group>"; };
		A60193FF4226A4F39A98F878 /* .gitkeep */ = {isa = PBXFileReference; lastKnownFileType = text; path = .gitkeep; sourceTree = "<group>"; };
		B93C8FE650EEA4EAFEA76674 /* Info.plist */ = {isa = PBXFileReference; lastKnownFileType = text.plist; path = Info.plist; sourceTree = "<group>"; };
		C70416B8399F5B55C3C718B0 /* Localizable.strings */ = {isa = PBXFileReference; lastKnownFileType = text.plist.strings; path = Localizable.strings; sourceTree = "<group>"; };
		C720BA025ABEA7505B2EC3D8 /* Router.swift */ = {isa = PBXFileReference; lastKnownFileType = sourcecode.swift; path = Router.swift; sourceTree = "<group>"; };
		CE5930A5D50F01EDCE048D7A /* Colors.swift */ = {isa = PBXFileReference; lastKnownFileType = sourcecode.swift; path = Colors.swift; sourceTree = "<group>"; };
		D4780F05371AC13722631322 /* .gitkeep */ = {isa = PBXFileReference; lastKnownFileType = text; path = .gitkeep; sourceTree = "<group>"; };
		D9AAA3866D72958EE82A3B90 /* BaseCoordinator.swift */ = {isa = PBXFileReference; lastKnownFileType = sourcecode.swift; path = BaseCoordinator.swift; sourceTree = "<group>"; };
		DB5794E56396E71FA4A092A7 /* Pods-WeatherDebug.release.xcconfig */ = {isa = PBXFileReference; includeInIndex = 1; lastKnownFileType = text.xcconfig; name = "Pods-WeatherDebug.release.xcconfig"; path = "Target Support Files/Pods-WeatherDebug/Pods-WeatherDebug.release.xcconfig"; sourceTree = "<group>"; };
		DEFA02B83DE26AFFFB94AA45 /* Info.plist */ = {isa = PBXFileReference; lastKnownFileType = text.plist; path = Info.plist; sourceTree = "<group>"; };
		DFB67CCAE414CA3E495E22EF /* Pods_WeatherDebug.framework */ = {isa = PBXFileReference; explicitFileType = wrapper.framework; includeInIndex = 0; path = Pods_WeatherDebug.framework; sourceTree = BUILT_PRODUCTS_DIR; };
		E6C4263DE1C33A2912E0A4B5 /* .gitkeep */ = {isa = PBXFileReference; lastKnownFileType = text; path = .gitkeep; sourceTree = "<group>"; };
		ED689977A67998A72D971719 /* LaunchingApplicationService.swift */ = {isa = PBXFileReference; lastKnownFileType = sourcecode.swift; path = LaunchingApplicationService.swift; sourceTree = "<group>"; };
/* End PBXFileReference section */

/* Begin PBXFrameworksBuildPhase section */
		14810389EF4B4CFDA65BA2AA /* Frameworks */ = {
			isa = PBXFrameworksBuildPhase;
			buildActionMask = 2147483647;
			files = (
				6F5BC8C5BF21374B7D435708 /* Pods_WeatherRelease.framework in Frameworks */,
			);
			runOnlyForDeploymentPostprocessing = 0;
		};
		5E718CADC4CDC9E70B6AE63D /* Frameworks */ = {
			isa = PBXFrameworksBuildPhase;
			buildActionMask = 2147483647;
			files = (
			);
			runOnlyForDeploymentPostprocessing = 0;
		};
		AF5C51DC770394CE137C7C73 /* Frameworks */ = {
			isa = PBXFrameworksBuildPhase;
			buildActionMask = 2147483647;
			files = (
				F8DE1A453E13C8CAB6C6E239 /* Pods_WeatherDebug.framework in Frameworks */,
			);
			runOnlyForDeploymentPostprocessing = 0;
		};
/* End PBXFrameworksBuildPhase section */

/* Begin PBXGroup section */
		09553C25BB69FF1B00EBC123 /* Pods */ = {
			isa = PBXGroup;
			children = (
				926B87A5C806BC4BD9C9E7DC /* Pods-WeatherDebug.debug.xcconfig */,
				DB5794E56396E71FA4A092A7 /* Pods-WeatherDebug.release.xcconfig */,
				3E7E3EA3586EFCCFB79FD09E /* Pods-WeatherRelease.debug.xcconfig */,
				07A20B645AB15A65A187783D /* Pods-WeatherRelease.release.xcconfig */,
			);
			path = Pods;
			sourceTree = "<group>";
		};
		0D76A389BD135CC9EFC9263E /* Services */ = {
			isa = PBXGroup;
			children = (
				ED689977A67998A72D971719 /* LaunchingApplicationService.swift */,
			);
			path = Services;
			sourceTree = "<group>";
		};
		0DFDC1AB3236B38FBD48F19E /* Application */ = {
			isa = PBXGroup;
			children = (
				484AC8E1B13EC7887D8D88B4 /* AppDelegate.swift */,
				49533B48CF5E607E56829097 /* DeepLinkOption.swift */,
				77D8507571194CF99AC92E5F /* LaunchScreen.xib */,
				3097F4640777387103D2DA1E /* Info */,
				0D76A389BD135CC9EFC9263E /* Services */,
			);
			path = Application;
			sourceTree = "<group>";
		};
		12063D8A640A3CFFED84E12B /* Routers */ = {
			isa = PBXGroup;
			children = (
				8630C14BBE81E93251669D95 /* MainRouter.swift */,
			);
			path = Routers;
			sourceTree = "<group>";
		};
		188EDD354082E49BAAA9A1F5 /* Entity */ = {
			isa = PBXGroup;
			children = (
				9E54CD1025385D960069DF38 /* City */,
				9E54CD0425385D180069DF38 /* CoordsEntity.swift */,
				9E16F8E42538616300E0CC4B /* WindDirection.swift */,
				9E16F8F325386A1300E0CC4B /* WeatherType.swift */,
			);
			path = Entity;
			sourceTree = "<group>";
		};
		2EDD56E1892E464D311A1802 /* UnitTests */ = {
			isa = PBXGroup;
			children = (
				DEFA02B83DE26AFFFB94AA45 /* Info.plist */,
				3F3EA9DDBC58F629768937C6 /* UnitTests.swift */,
				7BB3C0C077CDAF3F8E901E20 /* XCTestCase.swift */,
				6A9A8E84164BCDA3A2418F9A /* Resources */,
				975922C19A7A113CC9E45389 /* Tests */,
			);
			path = UnitTests;
			sourceTree = "<group>";
		};
		3097F4640777387103D2DA1E /* Info */ = {
			isa = PBXGroup;
			children = (
				C8648CAC215A9686E88DE87D /* Debug */,
				46DA6BA54735568E906DF4E0 /* Release */,
			);
			path = Info;
			sourceTree = "<group>";
		};
		3333D321AAC441F677367555 /* Protocols */ = {
			isa = PBXGroup;
			children = (
				A404478B7E915DE9DB0FB672 /* Coordinator.swift */,
				08AC14F65E62F9E938AECB1F /* Presentable.swift */,
				C720BA025ABEA7505B2EC3D8 /* Router.swift */,
			);
			path = Protocols;
			sourceTree = "<group>";
		};
		36BE3D7B8672B28C909E0318 /* Entry */ = {
			isa = PBXGroup;
			children = (
				9EF120772538565F004ED9A8 /* CoordEntry.swift */,
				9EF1209425385801004ED9A8 /* City */,
			);
			path = Entry;
			sourceTree = "<group>";
		};
		46DA6BA54735568E906DF4E0 /* Release */ = {
			isa = PBXGroup;
			children = (
				B93C8FE650EEA4EAFEA76674 /* Info.plist */,
			);
			path = Release;
			sourceTree = "<group>";
		};
		471994A42391EA6F69CA3141 /* Library */ = {
			isa = PBXGroup;
			children = (
				E5AA236C31EC25D15153DF78 /* Base Classes */,
				D0FA719135A6EBB98D3FB805 /* Extensions */,
				3333D321AAC441F677367555 /* Protocols */,
				6CAE7F3EDEC75338D6A3AAC0 /* Reusable Layer */,
				12063D8A640A3CFFED84E12B /* Routers */,
				77D9DC9D769C1CA2AE083003 /* Utils */,
			);
			path = Library;
			sourceTree = "<group>";
		};
		53ABF41A1793BE45027954E3 /* Flows */ = {
			isa = PBXGroup;
			children = (
				60102193620242458B131122 /* .gitkeep */,
			);
			path = Flows;
			sourceTree = "<group>";
		};
		54A88031A256909B22A7217F /* Fonts */ = {
			isa = PBXGroup;
			children = (
				135252D538BF5A2C92C26F32 /* Fonts.swift */,
			);
			path = Fonts;
			sourceTree = "<group>";
		};
		6A9A8E84164BCDA3A2418F9A /* Resources */ = {
			isa = PBXGroup;
			children = (
				01A576E2B1216CECD47E66D0 /* .gitkeep */,
			);
			path = Resources;
			sourceTree = "<group>";
		};
		6CAE7F3EDEC75338D6A3AAC0 /* Reusable Layer */ = {
			isa = PBXGroup;
			children = (
				D4780F05371AC13722631322 /* .gitkeep */,
			);
			path = "Reusable Layer";
			sourceTree = "<group>";
		};
		77D9DC9D769C1CA2AE083003 /* Utils */ = {
			isa = PBXGroup;
			children = (
				496DB37D8E48F9712C32517A /* .gitkeep */,
			);
			path = Utils;
			sourceTree = "<group>";
		};
		7819F03AE95E4A02EA11ED13 /* Strings */ = {
			isa = PBXGroup;
			children = (
				C70416B8399F5B55C3C718B0 /* Localizable.strings */,
			);
			path = Strings;
			sourceTree = "<group>";
		};
		7BB495DB9D05D7671215A05B /* Images */ = {
			isa = PBXGroup;
			children = (
				17C433073FDEDD2CB4897F41 /* Assets.xcassets */,
			);
			path = Images;
			sourceTree = "<group>";
		};
		8E15F896865F8E4634B14FA7 /* Frameworks */ = {
			isa = PBXGroup;
			children = (
				DFB67CCAE414CA3E495E22EF /* Pods_WeatherDebug.framework */,
				33F1C55E1280CC6581D52BAB /* Pods_WeatherRelease.framework */,
			);
			name = Frameworks;
			sourceTree = "<group>";
		};
		921ED02B8BE9C2869C4B5D72 /* Weather */ = {
			isa = PBXGroup;
			children = (
				0DFDC1AB3236B38FBD48F19E /* Application */,
				53ABF41A1793BE45027954E3 /* Flows */,
				471994A42391EA6F69CA3141 /* Library */,
				FD0C0E1BC0970EED5C111B49 /* Models */,
				932CC6413882D948A00BAE9D /* Resources */,
				D084F1265E85F0BCE8ABA7EE /* Services */,
				E4803CCC04EB049CCD2FE93E /* Third Party */,
			);
			path = Weather;
			sourceTree = "<group>";
		};
		932CC6413882D948A00BAE9D /* Resources */ = {
			isa = PBXGroup;
			children = (
				B19C5DC7AAA971285BAFB555 /* Colors */,
				96305F21D01552EEF4B5F3AF /* Constants */,
				54A88031A256909B22A7217F /* Fonts */,
				7BB495DB9D05D7671215A05B /* Images */,
				7819F03AE95E4A02EA11ED13 /* Strings */,
			);
			path = Resources;
			sourceTree = "<group>";
		};
		96305F21D01552EEF4B5F3AF /* Constants */ = {
			isa = PBXGroup;
			children = (
				12FF88FFEDF46EE595F0AB69 /* .gitkeep */,
				7B9697BC528F42114F061FCC /* Assets.swift */,
				40BCD5A6B3EAF1855AD37AAA /* Strings.swift */,
			);
			path = Constants;
			sourceTree = "<group>";
		};
		975922C19A7A113CC9E45389 /* Tests */ = {
			isa = PBXGroup;
			children = (
				A60193FF4226A4F39A98F878 /* .gitkeep */,
			);
			path = Tests;
			sourceTree = "<group>";
		};
		980CE069C9D8D6DF46D5BEA0 = {
			isa = PBXGroup;
			children = (
				2EDD56E1892E464D311A1802 /* UnitTests */,
				921ED02B8BE9C2869C4B5D72 /* Weather */,
				EAFAA58F195D6F56A3681DC6 /* Products */,
				09553C25BB69FF1B00EBC123 /* Pods */,
				8E15F896865F8E4634B14FA7 /* Frameworks */,
			);
			sourceTree = "<group>";
		};
		9E16F8CF25385EC400E0CC4B /* Foundation */ = {
			isa = PBXGroup;
			children = (
				9E16F8D025385EDD00E0CC4B /* Date+Init.swift */,
			);
			path = Foundation;
			sourceTree = "<group>";
		};
		9E54CD1025385D960069DF38 /* City */ = {
			isa = PBXGroup;
			children = (
				9E54CD1125385DA40069DF38 /* CitySystemInfoEntity.swift */,
				9E16F8CA25385E5D00E0CC4B /* CitySnowEntity.swift */,
				9E16F8D525385FF900E0CC4B /* CityRainEntity.swift */,
				9E16F8DA2538606400E0CC4B /* CityCloundEntity.swift */,
				9E16F8DF253860C900E0CC4B /* CityWindEntity.swift */,
				9E16F8E9253867C900E0CC4B /* CityMainWeatherInfoEntity.swift */,
				9E16F8EE253869B200E0CC4B /* CityWeatherConditionsEntity.swift */,
				9E16F8F825386FAF00E0CC4B /* CityDetailedWeatherEntity.swift */,
			);
			path = City;
			sourceTree = "<group>";
		};
		9EF1209425385801004ED9A8 /* City */ = {
			isa = PBXGroup;
			children = (
				9EF1206725385613004ED9A8 /* CityDetailedWeatherEntry.swift */,
				9EF12083253856CE004ED9A8 /* CityMainWeatherInfoEntry.swift */,
				9EF1208C253857F7004ED9A8 /* CityWeatherConditionsEntry.swift */,
				9EF1209B253858B6004ED9A8 /* CityWindEntry.swift */,
				9EF120A0253858FA004ED9A8 /* CityCloundEntry.swift */,
				9EF120BD2538597F004ED9A8 /* CityRainEntry.swift */,
				9EF120C225385B1E004ED9A8 /* CitySnowEntry.swift */,
				9EF120C725385B60004ED9A8 /* CitySystemInfoEntry.swift */,
			);
			path = City;
			sourceTree = "<group>";
		};
		B19C5DC7AAA971285BAFB555 /* Colors */ = {
			isa = PBXGroup;
			children = (
				CE5930A5D50F01EDCE048D7A /* Colors.swift */,
			);
			path = Colors;
			sourceTree = "<group>";
		};
		C8648CAC215A9686E88DE87D /* Debug */ = {
			isa = PBXGroup;
			children = (
				49AE7851B1AFEC7B239C555F /* Info.plist */,
			);
			path = Debug;
			sourceTree = "<group>";
		};
		CF9079DA14EE09BC32B6FBB0 /* UIKit */ = {
			isa = PBXGroup;
			children = (
				8074B58F0706C137F7D4504E /* UIApplication.swift */,
			);
			path = UIKit;
			sourceTree = "<group>";
		};
		D084F1265E85F0BCE8ABA7EE /* Services */ = {
			isa = PBXGroup;
			children = (
				E6C4263DE1C33A2912E0A4B5 /* .gitkeep */,
			);
			path = Services;
			sourceTree = "<group>";
		};
		D0FA719135A6EBB98D3FB805 /* Extensions */ = {
			isa = PBXGroup;
			children = (
				9E16F8CF25385EC400E0CC4B /* Foundation */,
				CF9079DA14EE09BC32B6FBB0 /* UIKit */,
			);
			path = Extensions;
			sourceTree = "<group>";
		};
		E4803CCC04EB049CCD2FE93E /* Third Party */ = {
			isa = PBXGroup;
			children = (
				7870EC5C3757F4B70376478A /* .gitkeep */,
			);
			path = "Third Party";
			sourceTree = "<group>";
		};
		E5AA236C31EC25D15153DF78 /* Base Classes */ = {
			isa = PBXGroup;
			children = (
				D9AAA3866D72958EE82A3B90 /* BaseCoordinator.swift */,
			);
			path = "Base Classes";
			sourceTree = "<group>";
		};
		EAFAA58F195D6F56A3681DC6 /* Products */ = {
			isa = PBXGroup;
			children = (
				4C5A8AD4A46830FF0A80CAE8 /* UnitTests.xctest */,
				5710E73BA7E7895E0A06FB8E /* WeatherDebug.app */,
				7CFD43810BFBC21D1FBC8A8F /* WeatherRelease.app */,
			);
			name = Products;
			sourceTree = "<group>";
		};
		FD0C0E1BC0970EED5C111B49 /* Models */ = {
			isa = PBXGroup;
			children = (
				188EDD354082E49BAAA9A1F5 /* Entity */,
				36BE3D7B8672B28C909E0318 /* Entry */,
			);
			path = Models;
			sourceTree = "<group>";
		};
/* End PBXGroup section */

/* Begin PBXNativeTarget section */
		2BA81ADF88C794F28DCD7392 /* UnitTests */ = {
			isa = PBXNativeTarget;
			buildConfigurationList = 3DF39556CA0F5AD00053F4D0 /* Build configuration list for PBXNativeTarget "UnitTests" */;
			buildPhases = (
				0DF65678BCFC3BA0151C1062 /* Sources */,
				5E718CADC4CDC9E70B6AE63D /* Frameworks */,
			);
			buildRules = (
			);
			dependencies = (
				EACA24A85FADD0C77F78471A /* PBXTargetDependency */,
			);
			name = UnitTests;
			productName = UnitTests;
			productReference = 4C5A8AD4A46830FF0A80CAE8 /* UnitTests.xctest */;
			productType = "com.apple.product-type.bundle.unit-test";
		};
		8A493971047D9EBC7549B3F9 /* WeatherDebug */ = {
			isa = PBXNativeTarget;
			buildConfigurationList = 0068FE64E8B5AF958E171D7D /* Build configuration list for PBXNativeTarget "WeatherDebug" */;
			buildPhases = (
				B9341DEAACC820D235E8E7DB /* [CP] Check Pods Manifest.lock */,
				3534F87E4AAD0F5A093B1F4C /* SwiftGen */,
				7C9A4D22480EBC138EEE6CE3 /* Sources */,
				4C894DB40156495AD8A02A84 /* Swiftlint */,
				4A5FA72EE88620F4A375C30D /* Resources */,
				AF5C51DC770394CE137C7C73 /* Frameworks */,
				7474C7AB831A183F840E1816 /* [CP] Embed Pods Frameworks */,
			);
			buildRules = (
			);
			dependencies = (
			);
			name = WeatherDebug;
			productName = WeatherDebug;
			productReference = 5710E73BA7E7895E0A06FB8E /* WeatherDebug.app */;
			productType = "com.apple.product-type.application";
		};
		E8348744997FAC298E55EDF4 /* WeatherRelease */ = {
			isa = PBXNativeTarget;
			buildConfigurationList = DFF513F6FBE8DD6D0EABA36A /* Build configuration list for PBXNativeTarget "WeatherRelease" */;
			buildPhases = (
				E26A1239EF267E1728080CCF /* [CP] Check Pods Manifest.lock */,
				EE6E2203387DE6EECD143C75 /* SwiftGen */,
				00992E4CD1CF8B4132946BB2 /* Sources */,
				0632E6AB596061C22979B8D3 /* Swiftlint */,
				7F9DC950E92DBC36EEE13D2F /* Resources */,
				14810389EF4B4CFDA65BA2AA /* Frameworks */,
				54CEB264E017D8C087AC7331 /* [CP] Embed Pods Frameworks */,
			);
			buildRules = (
			);
			dependencies = (
			);
			name = WeatherRelease;
			productName = WeatherRelease;
			productReference = 7CFD43810BFBC21D1FBC8A8F /* WeatherRelease.app */;
			productType = "com.apple.product-type.application";
		};
/* End PBXNativeTarget section */

/* Begin PBXProject section */
		6359DD3CB564CBC7F75B5385 /* Project object */ = {
			isa = PBXProject;
			attributes = {
				LastUpgradeCheck = 1201;
			};
			buildConfigurationList = D3EC08FA1714520A0C7C3ED8 /* Build configuration list for PBXProject "Weather" */;
			compatibilityVersion = "Xcode 10.0";
			developmentRegion = en;
			hasScannedForEncodings = 0;
			knownRegions = (
				Base,
				en,
			);
			mainGroup = 980CE069C9D8D6DF46D5BEA0;
			productRefGroup = EAFAA58F195D6F56A3681DC6 /* Products */;
			projectDirPath = "";
			projectRoot = "";
			targets = (
				2BA81ADF88C794F28DCD7392 /* UnitTests */,
				8A493971047D9EBC7549B3F9 /* WeatherDebug */,
				E8348744997FAC298E55EDF4 /* WeatherRelease */,
			);
		};
/* End PBXProject section */

/* Begin PBXResourcesBuildPhase section */
		4A5FA72EE88620F4A375C30D /* Resources */ = {
			isa = PBXResourcesBuildPhase;
			buildActionMask = 2147483647;
			files = (
				7261A6464B63FE23F97213F6 /* Assets.xcassets in Resources */,
				729B4BF7766835B401FB53A6 /* LaunchScreen.xib in Resources */,
				852BB7DF24F58D539EC0F3ED /* Localizable.strings in Resources */,
			);
			runOnlyForDeploymentPostprocessing = 0;
		};
		7F9DC950E92DBC36EEE13D2F /* Resources */ = {
			isa = PBXResourcesBuildPhase;
			buildActionMask = 2147483647;
			files = (
				DB2E94096ECEE7A4CFF5E40D /* Assets.xcassets in Resources */,
				7F41A7503BCE32D2389CB2C6 /* LaunchScreen.xib in Resources */,
				2D140E7605F2C62FB1964DE5 /* Localizable.strings in Resources */,
			);
			runOnlyForDeploymentPostprocessing = 0;
		};
/* End PBXResourcesBuildPhase section */

/* Begin PBXShellScriptBuildPhase section */
		0632E6AB596061C22979B8D3 /* Swiftlint */ = {
			isa = PBXShellScriptBuildPhase;
			buildActionMask = 2147483647;
			files = (
			);
			inputFileListPaths = (
			);
			inputPaths = (
			);
			name = Swiftlint;
			outputFileListPaths = (
			);
			outputPaths = (
			);
			runOnlyForDeploymentPostprocessing = 0;
			shellPath = /bin/sh;
			shellScript = "${SRCROOT}/Pods/SwiftLint/swiftlint --config \"${SRCROOT}/.swiftlint.yml\"";
		};
		3534F87E4AAD0F5A093B1F4C /* SwiftGen */ = {
			isa = PBXShellScriptBuildPhase;
			buildActionMask = 2147483647;
			files = (
			);
			inputFileListPaths = (
			);
			inputPaths = (
			);
			name = SwiftGen;
			outputFileListPaths = (
			);
			outputPaths = (
			);
			runOnlyForDeploymentPostprocessing = 0;
			shellPath = /bin/sh;
			shellScript = "${SRCROOT}/Pods/SwiftGen/bin/swiftgen";
		};
		4C894DB40156495AD8A02A84 /* Swiftlint */ = {
			isa = PBXShellScriptBuildPhase;
			buildActionMask = 2147483647;
			files = (
			);
			inputFileListPaths = (
			);
			inputPaths = (
			);
			name = Swiftlint;
			outputFileListPaths = (
			);
			outputPaths = (
			);
			runOnlyForDeploymentPostprocessing = 0;
			shellPath = /bin/sh;
			shellScript = "${SRCROOT}/Pods/SwiftLint/swiftlint --config \"${SRCROOT}/.swiftlint.yml\"";
		};
		54CEB264E017D8C087AC7331 /* [CP] Embed Pods Frameworks */ = {
			isa = PBXShellScriptBuildPhase;
			buildActionMask = 2147483647;
			files = (
			);
			inputFileListPaths = (
				"${PODS_ROOT}/Target Support Files/Pods-WeatherRelease/Pods-WeatherRelease-frameworks-${CONFIGURATION}-input-files.xcfilelist",
			);
			name = "[CP] Embed Pods Frameworks";
			outputFileListPaths = (
				"${PODS_ROOT}/Target Support Files/Pods-WeatherRelease/Pods-WeatherRelease-frameworks-${CONFIGURATION}-output-files.xcfilelist",
			);
			runOnlyForDeploymentPostprocessing = 0;
			shellPath = /bin/sh;
			shellScript = "\"${PODS_ROOT}/Target Support Files/Pods-WeatherRelease/Pods-WeatherRelease-frameworks.sh\"\n";
			showEnvVarsInLog = 0;
		};
		7474C7AB831A183F840E1816 /* [CP] Embed Pods Frameworks */ = {
			isa = PBXShellScriptBuildPhase;
			buildActionMask = 2147483647;
			files = (
			);
			inputFileListPaths = (
				"${PODS_ROOT}/Target Support Files/Pods-WeatherDebug/Pods-WeatherDebug-frameworks-${CONFIGURATION}-input-files.xcfilelist",
			);
			name = "[CP] Embed Pods Frameworks";
			outputFileListPaths = (
				"${PODS_ROOT}/Target Support Files/Pods-WeatherDebug/Pods-WeatherDebug-frameworks-${CONFIGURATION}-output-files.xcfilelist",
			);
			runOnlyForDeploymentPostprocessing = 0;
			shellPath = /bin/sh;
			shellScript = "\"${PODS_ROOT}/Target Support Files/Pods-WeatherDebug/Pods-WeatherDebug-frameworks.sh\"\n";
			showEnvVarsInLog = 0;
		};
		B9341DEAACC820D235E8E7DB /* [CP] Check Pods Manifest.lock */ = {
			isa = PBXShellScriptBuildPhase;
			buildActionMask = 2147483647;
			files = (
			);
			inputFileListPaths = (
			);
			inputPaths = (
				"${PODS_PODFILE_DIR_PATH}/Podfile.lock",
				"${PODS_ROOT}/Manifest.lock",
			);
			name = "[CP] Check Pods Manifest.lock";
			outputFileListPaths = (
			);
			outputPaths = (
				"$(DERIVED_FILE_DIR)/Pods-WeatherDebug-checkManifestLockResult.txt",
			);
			runOnlyForDeploymentPostprocessing = 0;
			shellPath = /bin/sh;
			shellScript = "diff \"${PODS_PODFILE_DIR_PATH}/Podfile.lock\" \"${PODS_ROOT}/Manifest.lock\" > /dev/null\nif [ $? != 0 ] ; then\n    # print error to STDERR\n    echo \"error: The sandbox is not in sync with the Podfile.lock. Run 'pod install' or update your CocoaPods installation.\" >&2\n    exit 1\nfi\n# This output is used by Xcode 'outputs' to avoid re-running this script phase.\necho \"SUCCESS\" > \"${SCRIPT_OUTPUT_FILE_0}\"\n";
			showEnvVarsInLog = 0;
		};
		E26A1239EF267E1728080CCF /* [CP] Check Pods Manifest.lock */ = {
			isa = PBXShellScriptBuildPhase;
			buildActionMask = 2147483647;
			files = (
			);
			inputFileListPaths = (
			);
			inputPaths = (
				"${PODS_PODFILE_DIR_PATH}/Podfile.lock",
				"${PODS_ROOT}/Manifest.lock",
			);
			name = "[CP] Check Pods Manifest.lock";
			outputFileListPaths = (
			);
			outputPaths = (
				"$(DERIVED_FILE_DIR)/Pods-WeatherRelease-checkManifestLockResult.txt",
			);
			runOnlyForDeploymentPostprocessing = 0;
			shellPath = /bin/sh;
			shellScript = "diff \"${PODS_PODFILE_DIR_PATH}/Podfile.lock\" \"${PODS_ROOT}/Manifest.lock\" > /dev/null\nif [ $? != 0 ] ; then\n    # print error to STDERR\n    echo \"error: The sandbox is not in sync with the Podfile.lock. Run 'pod install' or update your CocoaPods installation.\" >&2\n    exit 1\nfi\n# This output is used by Xcode 'outputs' to avoid re-running this script phase.\necho \"SUCCESS\" > \"${SCRIPT_OUTPUT_FILE_0}\"\n";
			showEnvVarsInLog = 0;
		};
		EE6E2203387DE6EECD143C75 /* SwiftGen */ = {
			isa = PBXShellScriptBuildPhase;
			buildActionMask = 2147483647;
			files = (
			);
			inputFileListPaths = (
			);
			inputPaths = (
			);
			name = SwiftGen;
			outputFileListPaths = (
			);
			outputPaths = (
			);
			runOnlyForDeploymentPostprocessing = 0;
			shellPath = /bin/sh;
			shellScript = "${SRCROOT}/Pods/SwiftGen/bin/swiftgen";
		};
/* End PBXShellScriptBuildPhase section */

/* Begin PBXSourcesBuildPhase section */
		00992E4CD1CF8B4132946BB2 /* Sources */ = {
			isa = PBXSourcesBuildPhase;
			buildActionMask = 2147483647;
			files = (
				FC1BBB6818EBC9362CEE1C65 /* AppDelegate.swift in Sources */,
				7C34D85BD820DED42B6C85FB /* Assets.swift in Sources */,
				21D3DA2DFCD6F318369EBB51 /* BaseCoordinator.swift in Sources */,
				332F8843DBFB9B4DB819EF04 /* Colors.swift in Sources */,
				DC7A4D33DC2BD37E66947DE4 /* Coordinator.swift in Sources */,
				A7BEB4601E8268E4A8560548 /* DeepLinkOption.swift in Sources */,
				251C17DF5F43D68BB71490C5 /* Fonts.swift in Sources */,
				0B5C3BB77393D451649520CA /* LaunchingApplicationService.swift in Sources */,
				FAAF2098CF926FACCAAEE9C7 /* MainRouter.swift in Sources */,
				D7AA1EB825C953D1773E2F35 /* Presentable.swift in Sources */,
				8E588C09152D75C85E5476E4 /* Router.swift in Sources */,
				84230AFA2609A936A8DD859B /* Strings.swift in Sources */,
				4A5620BA9AB968604A29AE4D /* UIApplication.swift in Sources */,
			);
			runOnlyForDeploymentPostprocessing = 0;
		};
		0DF65678BCFC3BA0151C1062 /* Sources */ = {
			isa = PBXSourcesBuildPhase;
			buildActionMask = 2147483647;
			files = (
				A86CA75FFB78A75A38236997 /* UnitTests.swift in Sources */,
				21799E85C22A85F87E535627 /* XCTestCase.swift in Sources */,
			);
			runOnlyForDeploymentPostprocessing = 0;
		};
		7C9A4D22480EBC138EEE6CE3 /* Sources */ = {
			isa = PBXSourcesBuildPhase;
			buildActionMask = 2147483647;
			files = (
				F398C58FC5EDC7A285618165 /* AppDelegate.swift in Sources */,
				9EF120AC2538591C004ED9A8 /* CityWindEntry.swift in Sources */,
				9EF120C825385B60004ED9A8 /* CitySystemInfoEntry.swift in Sources */,
				9E54CD0925385D1D0069DF38 /* CoordsEntity.swift in Sources */,
				9E16F8D625385FF900E0CC4B /* CityRainEntity.swift in Sources */,
				AD3A6E8C296E42B884F56A40 /* Assets.swift in Sources */,
				9EF120732538561C004ED9A8 /* CityDetailedWeatherEntry.swift in Sources */,
				9E16F8E52538616300E0CC4B /* WindDirection.swift in Sources */,
				61EB4D469E66C0A487085E2A /* BaseCoordinator.swift in Sources */,
				CFE2C76708EC8D1475EFAD0B /* Colors.swift in Sources */,
				9EF12088253856D1004ED9A8 /* CityMainWeatherInfoEntry.swift in Sources */,
				9E16F8E0253860C900E0CC4B /* CityWindEntity.swift in Sources */,
				3C7890F5E8316147629283E8 /* Coordinator.swift in Sources */,
				9E16F8CB25385E5D00E0CC4B /* CitySnowEntity.swift in Sources */,
				CB26B35289E0760D4B7394E9 /* DeepLinkOption.swift in Sources */,
				D0A5BC27EE343953B083D2A9 /* Fonts.swift in Sources */,
				9EF120A525385919004ED9A8 /* CityCloundEntry.swift in Sources */,
				0C12897FE5E42992E754660C /* LaunchingApplicationService.swift in Sources */,
				9EF120B325385920004ED9A8 /* CityWeatherConditionsEntry.swift in Sources */,
				0F6D58A221C591351E5E72B4 /* MainRouter.swift in Sources */,
				9E16F8EF253869B200E0CC4B /* CityWeatherConditionsEntity.swift in Sources */,
				9E54CD1925385DB50069DF38 /* CitySystemInfoEntity.swift in Sources */,
				1BE044AAAAFEE0FF122B99E7 /* Presentable.swift in Sources */,
				9E16F8DB2538606400E0CC4B /* CityCloundEntity.swift in Sources */,
				9EF120BE2538597F004ED9A8 /* CityRainEntry.swift in Sources */,
				9E16F8EA253867CA00E0CC4B /* CityMainWeatherInfoEntity.swift in Sources */,
				9E16F8F925386FAF00E0CC4B /* CityDetailedWeatherEntity.swift in Sources */,
				33363E1AD846AF700EC50F43 /* Router.swift in Sources */,
				9EF120C325385B1E004ED9A8 /* CitySnowEntry.swift in Sources */,
				9E16F8F425386A1300E0CC4B /* WeatherType.swift in Sources */,
				9EF1207C25385661004ED9A8 /* CoordEntry.swift in Sources */,
				A287B0FCC812BBEB10B84530 /* Strings.swift in Sources */,
				24B496C3FA224D0C17267C49 /* UIApplication.swift in Sources */,
				9E16F8D125385EDD00E0CC4B /* Date+Init.swift in Sources */,
			);
			runOnlyForDeploymentPostprocessing = 0;
		};
/* End PBXSourcesBuildPhase section */

/* Begin PBXTargetDependency section */
		EACA24A85FADD0C77F78471A /* PBXTargetDependency */ = {
			isa = PBXTargetDependency;
			target = E8348744997FAC298E55EDF4 /* WeatherRelease */;
			targetProxy = 16CEEC84DE7CCA26F52CBC32 /* PBXContainerItemProxy */;
		};
/* End PBXTargetDependency section */

/* Begin XCBuildConfiguration section */
		00C6DD798AA4875757DAD19A /* Debug */ = {
			isa = XCBuildConfiguration;
			buildSettings = {
				BUNDLE_LOADER = "$(TEST_HOST)";
				INFOPLIST_FILE = UnitTests/Info.plist;
				IPHONEOS_DEPLOYMENT_TARGET = 12.0;
				LD_RUNPATH_SEARCH_PATHS = (
					"$(inherited)",
					"@executable_path/Frameworks",
					"@loader_path/Frameworks",
				);
				SDKROOT = iphoneos;
				TARGETED_DEVICE_FAMILY = "1,2";
				TEST_HOST = "$(BUILT_PRODUCTS_DIR)/WeatherRelease.app/WeatherRelease";
			};
			name = Debug;
		};
		0F9CD2648B0F323998AD31CA /* Debug */ = {
			isa = XCBuildConfiguration;
			baseConfigurationReference = 3E7E3EA3586EFCCFB79FD09E /* Pods-WeatherRelease.debug.xcconfig */;
			buildSettings = {
				ASSETCATALOG_COMPILER_APPICON_NAME = AppIcon;
				CODE_SIGN_IDENTITY = "iPhone Developer";
				INFOPLIST_FILE = Weather/Application/Info/Release/Info.plist;
				IPHONEOS_DEPLOYMENT_TARGET = 12.0;
				LD_RUNPATH_SEARCH_PATHS = (
					"$(inherited)",
					"@executable_path/Frameworks",
				);
				PRODUCT_BUNDLE_IDENTIFIER = ru.surfstudio.weather.release;
				SDKROOT = iphoneos;
				TARGETED_DEVICE_FAMILY = "1,2";
			};
			name = Debug;
		};
		1F0F60E9BD069C44E5A9B68E /* Release */ = {
			isa = XCBuildConfiguration;
			baseConfigurationReference = DB5794E56396E71FA4A092A7 /* Pods-WeatherDebug.release.xcconfig */;
			buildSettings = {
				ASSETCATALOG_COMPILER_APPICON_NAME = "AppIcon-Debug";
				CODE_SIGN_IDENTITY = "iPhone Developer";
				INFOPLIST_FILE = Weather/Application/Info/Debug/Info.plist;
				IPHONEOS_DEPLOYMENT_TARGET = 12.0;
				LD_RUNPATH_SEARCH_PATHS = (
					"$(inherited)",
					"@executable_path/Frameworks",
				);
				PRODUCT_BUNDLE_IDENTIFIER = ru.surfstudio.weather.debug;
				SDKROOT = iphoneos;
				TARGETED_DEVICE_FAMILY = "1,2";
			};
			name = Release;
		};
		28764ECC8323E809A1017D9A /* Debug */ = {
			isa = XCBuildConfiguration;
			baseConfigurationReference = 926B87A5C806BC4BD9C9E7DC /* Pods-WeatherDebug.debug.xcconfig */;
			buildSettings = {
				ASSETCATALOG_COMPILER_APPICON_NAME = "AppIcon-Debug";
				CODE_SIGN_IDENTITY = "iPhone Developer";
				INFOPLIST_FILE = Weather/Application/Info/Debug/Info.plist;
				IPHONEOS_DEPLOYMENT_TARGET = 12.0;
				LD_RUNPATH_SEARCH_PATHS = (
					"$(inherited)",
					"@executable_path/Frameworks",
				);
				PRODUCT_BUNDLE_IDENTIFIER = ru.surfstudio.weather.debug;
				SDKROOT = iphoneos;
				TARGETED_DEVICE_FAMILY = "1,2";
			};
			name = Debug;
		};
		37596FAF292884D1465B1713 /* Debug */ = {
			isa = XCBuildConfiguration;
			buildSettings = {
				ALWAYS_SEARCH_USER_PATHS = NO;
				CLANG_ANALYZER_NONNULL = YES;
				CLANG_ANALYZER_NUMBER_OBJECT_CONVERSION = YES_AGGRESSIVE;
				CLANG_CXX_LANGUAGE_STANDARD = "gnu++14";
				CLANG_CXX_LIBRARY = "libc++";
				CLANG_ENABLE_MODULES = YES;
				CLANG_ENABLE_OBJC_ARC = YES;
				CLANG_WARN_BLOCK_CAPTURE_AUTORELEASING = YES;
				CLANG_WARN_BOOL_CONVERSION = YES;
				CLANG_WARN_COMMA = YES;
				CLANG_WARN_CONSTANT_CONVERSION = YES;
				CLANG_WARN_DEPRECATED_OBJC_IMPLEMENTATIONS = YES;
				CLANG_WARN_DIRECT_OBJC_ISA_USAGE = YES_ERROR;
				CLANG_WARN_DOCUMENTATION_COMMENTS = YES;
				CLANG_WARN_EMPTY_BODY = YES;
				CLANG_WARN_ENUM_CONVERSION = YES;
				CLANG_WARN_INFINITE_RECURSION = YES;
				CLANG_WARN_INT_CONVERSION = YES;
				CLANG_WARN_NON_LITERAL_NULL_CONVERSION = YES;
				CLANG_WARN_OBJC_IMPLICIT_RETAIN_SELF = YES;
				CLANG_WARN_OBJC_LITERAL_CONVERSION = YES;
				CLANG_WARN_OBJC_ROOT_CLASS = YES_ERROR;
				CLANG_WARN_RANGE_LOOP_ANALYSIS = YES;
				CLANG_WARN_STRICT_PROTOTYPES = YES;
				CLANG_WARN_SUSPICIOUS_MOVE = YES;
				CLANG_WARN_UNGUARDED_AVAILABILITY = YES_AGGRESSIVE;
				CLANG_WARN_UNREACHABLE_CODE = YES;
				CLANG_WARN__DUPLICATE_METHOD_MATCH = YES;
				COPY_PHASE_STRIP = NO;
				DEBUG_INFORMATION_FORMAT = dwarf;
				ENABLE_STRICT_OBJC_MSGSEND = YES;
				ENABLE_TESTABILITY = YES;
				GCC_C_LANGUAGE_STANDARD = gnu11;
				GCC_DYNAMIC_NO_PIC = NO;
				GCC_NO_COMMON_BLOCKS = YES;
				GCC_OPTIMIZATION_LEVEL = 0;
				GCC_PREPROCESSOR_DEFINITIONS = (
					"$(inherited)",
					"DEBUG=1",
				);
				GCC_WARN_64_TO_32_BIT_CONVERSION = YES;
				GCC_WARN_ABOUT_RETURN_TYPE = YES_ERROR;
				GCC_WARN_UNDECLARED_SELECTOR = YES;
				GCC_WARN_UNINITIALIZED_AUTOS = YES_AGGRESSIVE;
				GCC_WARN_UNUSED_FUNCTION = YES;
				GCC_WARN_UNUSED_VARIABLE = YES;
				MTL_ENABLE_DEBUG_INFO = YES;
				ONLY_ACTIVE_ARCH = YES;
				PRODUCT_NAME = "$(TARGET_NAME)";
				SDKROOT = iphoneos;
				SWIFT_ACTIVE_COMPILATION_CONDITIONS = DEBUG;
				SWIFT_OPTIMIZATION_LEVEL = "-Onone";
				SWIFT_VERSION = 5.0;
			};
			name = Debug;
		};
		4106FE5BA20914C2D76B7A27 /* Release */ = {
			isa = XCBuildConfiguration;
			baseConfigurationReference = 07A20B645AB15A65A187783D /* Pods-WeatherRelease.release.xcconfig */;
			buildSettings = {
				ASSETCATALOG_COMPILER_APPICON_NAME = AppIcon;
				CODE_SIGN_IDENTITY = "iPhone Developer";
				INFOPLIST_FILE = Weather/Application/Info/Release/Info.plist;
				IPHONEOS_DEPLOYMENT_TARGET = 12.0;
				LD_RUNPATH_SEARCH_PATHS = (
					"$(inherited)",
					"@executable_path/Frameworks",
				);
				PRODUCT_BUNDLE_IDENTIFIER = ru.surfstudio.weather.release;
				SDKROOT = iphoneos;
				TARGETED_DEVICE_FAMILY = "1,2";
			};
			name = Release;
		};
		B84CADC34ABA46C5960DBDDC /* Release */ = {
			isa = XCBuildConfiguration;
			buildSettings = {
				BUNDLE_LOADER = "$(TEST_HOST)";
				INFOPLIST_FILE = UnitTests/Info.plist;
				IPHONEOS_DEPLOYMENT_TARGET = 12.0;
				LD_RUNPATH_SEARCH_PATHS = (
					"$(inherited)",
					"@executable_path/Frameworks",
					"@loader_path/Frameworks",
				);
				SDKROOT = iphoneos;
				TARGETED_DEVICE_FAMILY = "1,2";
				TEST_HOST = "$(BUILT_PRODUCTS_DIR)/WeatherRelease.app/WeatherRelease";
			};
			name = Release;
		};
		FBF40A675E7F8A057EAE50C5 /* Release */ = {
			isa = XCBuildConfiguration;
			buildSettings = {
				ALWAYS_SEARCH_USER_PATHS = NO;
				CLANG_ANALYZER_NONNULL = YES;
				CLANG_ANALYZER_NUMBER_OBJECT_CONVERSION = YES_AGGRESSIVE;
				CLANG_CXX_LANGUAGE_STANDARD = "gnu++14";
				CLANG_CXX_LIBRARY = "libc++";
				CLANG_ENABLE_MODULES = YES;
				CLANG_ENABLE_OBJC_ARC = YES;
				CLANG_WARN_BLOCK_CAPTURE_AUTORELEASING = YES;
				CLANG_WARN_BOOL_CONVERSION = YES;
				CLANG_WARN_COMMA = YES;
				CLANG_WARN_CONSTANT_CONVERSION = YES;
				CLANG_WARN_DEPRECATED_OBJC_IMPLEMENTATIONS = YES;
				CLANG_WARN_DIRECT_OBJC_ISA_USAGE = YES_ERROR;
				CLANG_WARN_DOCUMENTATION_COMMENTS = YES;
				CLANG_WARN_EMPTY_BODY = YES;
				CLANG_WARN_ENUM_CONVERSION = YES;
				CLANG_WARN_INFINITE_RECURSION = YES;
				CLANG_WARN_INT_CONVERSION = YES;
				CLANG_WARN_NON_LITERAL_NULL_CONVERSION = YES;
				CLANG_WARN_OBJC_IMPLICIT_RETAIN_SELF = YES;
				CLANG_WARN_OBJC_LITERAL_CONVERSION = YES;
				CLANG_WARN_OBJC_ROOT_CLASS = YES_ERROR;
				CLANG_WARN_RANGE_LOOP_ANALYSIS = YES;
				CLANG_WARN_STRICT_PROTOTYPES = YES;
				CLANG_WARN_SUSPICIOUS_MOVE = YES;
				CLANG_WARN_UNGUARDED_AVAILABILITY = YES_AGGRESSIVE;
				CLANG_WARN_UNREACHABLE_CODE = YES;
				CLANG_WARN__DUPLICATE_METHOD_MATCH = YES;
				COPY_PHASE_STRIP = NO;
				DEBUG_INFORMATION_FORMAT = "dwarf-with-dsym";
				ENABLE_NS_ASSERTIONS = NO;
				ENABLE_STRICT_OBJC_MSGSEND = YES;
				GCC_C_LANGUAGE_STANDARD = gnu11;
				GCC_NO_COMMON_BLOCKS = YES;
				GCC_WARN_64_TO_32_BIT_CONVERSION = YES;
				GCC_WARN_ABOUT_RETURN_TYPE = YES_ERROR;
				GCC_WARN_UNDECLARED_SELECTOR = YES;
				GCC_WARN_UNINITIALIZED_AUTOS = YES_AGGRESSIVE;
				GCC_WARN_UNUSED_FUNCTION = YES;
				GCC_WARN_UNUSED_VARIABLE = YES;
				PRODUCT_NAME = "$(TARGET_NAME)";
				SDKROOT = iphoneos;
				SWIFT_COMPILATION_MODE = wholemodule;
				SWIFT_VERSION = 5.0;
				VALIDATE_PRODUCT = YES;
			};
			name = Release;
		};
/* End XCBuildConfiguration section */

/* Begin XCConfigurationList section */
		0068FE64E8B5AF958E171D7D /* Build configuration list for PBXNativeTarget "WeatherDebug" */ = {
			isa = XCConfigurationList;
			buildConfigurations = (
				28764ECC8323E809A1017D9A /* Debug */,
				1F0F60E9BD069C44E5A9B68E /* Release */,
			);
			defaultConfigurationIsVisible = 0;
			defaultConfigurationName = Debug;
		};
		3DF39556CA0F5AD00053F4D0 /* Build configuration list for PBXNativeTarget "UnitTests" */ = {
			isa = XCConfigurationList;
			buildConfigurations = (
				00C6DD798AA4875757DAD19A /* Debug */,
				B84CADC34ABA46C5960DBDDC /* Release */,
			);
			defaultConfigurationIsVisible = 0;
			defaultConfigurationName = Debug;
		};
		D3EC08FA1714520A0C7C3ED8 /* Build configuration list for PBXProject "Weather" */ = {
			isa = XCConfigurationList;
			buildConfigurations = (
				37596FAF292884D1465B1713 /* Debug */,
				FBF40A675E7F8A057EAE50C5 /* Release */,
			);
			defaultConfigurationIsVisible = 0;
			defaultConfigurationName = Debug;
		};
		DFF513F6FBE8DD6D0EABA36A /* Build configuration list for PBXNativeTarget "WeatherRelease" */ = {
			isa = XCConfigurationList;
			buildConfigurations = (
				0F9CD2648B0F323998AD31CA /* Debug */,
				4106FE5BA20914C2D76B7A27 /* Release */,
			);
			defaultConfigurationIsVisible = 0;
			defaultConfigurationName = Debug;
		};
/* End XCConfigurationList section */
	};
	rootObject = 6359DD3CB564CBC7F75B5385 /* Project object */;
}
